
Microsoft Visual Studio Solution File, Format Version 12.00
# Visual Studio Version 16
VisualStudioVersion = 16.0.29728.190
MinimumVisualStudioVersion = 10.0.40219.1
Project("{FAE04EC0-301F-11D3-BF4B-00C04F79EFBC}") = "ValorantMatchViewer", "ValorantMatchViewer\ValorantMatchViewer.csproj", "{19696F30-9DB8-48A3-A6E1-3B79DC306B4C}"
EndProject
Global
	GlobalSection(SolutionConfigurationPlatforms) = preSolution
		Debug|Any CPU = Debug|Any CPU
		Release|Any CPU = Release|Any CPU
	EndGlobalSection
	GlobalSection(ProjectConfigurationPlatforms) = postSolution
		{19696F30-9DB8-48A3-A6E1-3B79DC306B4C}.Debug|Any CPU.ActiveCfg = Debug|Any CPU
		{19696F30-9DB8-48A3-A6E1-3B79DC306B4C}.Debug|Any CPU.Build.0 = Debug|Any CPU
		{19696F30-9DB8-48A3-A6E1-3B79DC306B4C}.Release|Any CPU.ActiveCfg = Release|Any CPU
		{19696F30-9DB8-48A3-A6E1-3B79DC306B4C}.Release|Any CPU.Build.0 = Release|Any CPU
	EndGlobalSection
	GlobalSection(SolutionProperties) = preSolution
		HideSolutionNode = FALSE
	EndGlobalSection
	GlobalSection(ExtensibilityGlobals) = postSolution
		SolutionGuid = {3D52FF87-4B49-46A9-87A2-9C4A60996EC5}
	EndGlobalSection
EndGlobal
